
Microsoft Visual Studio Solution File, Format Version 12.00
# Visual Studio Version 17
VisualStudioVersion = 17.0.31903.59
MinimumVisualStudioVersion = 10.0.40219.1
Project("{FAE04EC0-301F-11D3-BF4B-00C04F79EFBC}") = "Banking.Models", "Banking.Models\Banking.Models.csproj", "{8AABE503-BF05-4E97-B545-69DDFF751C6B}"
EndProject
Project("{FAE04EC0-301F-11D3-BF4B-00C04F79EFBC}") = "Banking.Logic", "Banking.Logic\Banking.Logic.csproj", "{9DA57BD0-23F9-4B8B-9931-67380C0597B9}"
EndProject
Project("{FAE04EC0-301F-11D3-BF4B-00C04F79EFBC}") = "Banking.API", "Banking.API\Banking.API.csproj", "{FA7713BC-EE00-464C-BD38-6F772B06A6AD}"
EndProject
Global
	GlobalSection(SolutionConfigurationPlatforms) = preSolution
		Debug|Any CPU = Debug|Any CPU
		Debug|x64 = Debug|x64
		Debug|x86 = Debug|x86
		Release|Any CPU = Release|Any CPU
		Release|x64 = Release|x64
		Release|x86 = Release|x86
	EndGlobalSection
	GlobalSection(ProjectConfigurationPlatforms) = postSolution
		{8AABE503-BF05-4E97-B545-69DDFF751C6B}.Debug|Any CPU.ActiveCfg = Debug|Any CPU
		{8AABE503-BF05-4E97-B545-69DDFF751C6B}.Debug|Any CPU.Build.0 = Debug|Any CPU
		{8AABE503-BF05-4E97-B545-69DDFF751C6B}.Debug|x64.ActiveCfg = Debug|Any CPU
		{8AABE503-BF05-4E97-B545-69DDFF751C6B}.Debug|x64.Build.0 = Debug|Any CPU
		{8AABE503-BF05-4E97-B545-69DDFF751C6B}.Debug|x86.ActiveCfg = Debug|Any CPU
		{8AABE503-BF05-4E97-B545-69DDFF751C6B}.Debug|x86.Build.0 = Debug|Any CPU
		{8AABE503-BF05-4E97-B545-69DDFF751C6B}.Release|Any CPU.ActiveCfg = Release|Any CPU
		{8AABE503-BF05-4E97-B545-69DDFF751C6B}.Release|Any CPU.Build.0 = Release|Any CPU
		{8AABE503-BF05-4E97-B545-69DDFF751C6B}.Release|x64.ActiveCfg = Release|Any CPU
		{8AABE503-BF05-4E97-B545-69DDFF751C6B}.Release|x64.Build.0 = Release|Any CPU
		{8AABE503-BF05-4E97-B545-69DDFF751C6B}.Release|x86.ActiveCfg = Release|Any CPU
		{8AABE503-BF05-4E97-B545-69DDFF751C6B}.Release|x86.Build.0 = Release|Any CPU
		{9DA57BD0-23F9-4B8B-9931-67380C0597B9}.Debug|Any CPU.ActiveCfg = Debug|Any CPU
		{9DA57BD0-23F9-4B8B-9931-67380C0597B9}.Debug|Any CPU.Build.0 = Debug|Any CPU
		{9DA57BD0-23F9-4B8B-9931-67380C0597B9}.Debug|x64.ActiveCfg = Debug|Any CPU
		{9DA57BD0-23F9-4B8B-9931-67380C0597B9}.Debug|x64.Build.0 = Debug|Any CPU
		{9DA57BD0-23F9-4B8B-9931-67380C0597B9}.Debug|x86.ActiveCfg = Debug|Any CPU
		{9DA57BD0-23F9-4B8B-9931-67380C0597B9}.Debug|x86.Build.0 = Debug|Any CPU
		{9DA57BD0-23F9-4B8B-9931-67380C0597B9}.Release|Any CPU.ActiveCfg = Release|Any CPU
		{9DA57BD0-23F9-4B8B-9931-67380C0597B9}.Release|Any CPU.Build.0 = Release|Any CPU
		{9DA57BD0-23F9-4B8B-9931-67380C0597B9}.Release|x64.ActiveCfg = Release|Any CPU
		{9DA57BD0-23F9-4B8B-9931-67380C0597B9}.Release|x64.Build.0 = Release|Any CPU
		{9DA57BD0-23F9-4B8B-9931-67380C0597B9}.Release|x86.ActiveCfg = Release|Any CPU
		{9DA57BD0-23F9-4B8B-9931-67380C0597B9}.Release|x86.Build.0 = Release|Any CPU
		{FA7713BC-EE00-464C-BD38-6F772B06A6AD}.Debug|Any CPU.ActiveCfg = Debug|Any CPU
		{FA7713BC-EE00-464C-BD38-6F772B06A6AD}.Debug|Any CPU.Build.0 = Debug|Any CPU
		{FA7713BC-EE00-464C-BD38-6F772B06A6AD}.Debug|x64.ActiveCfg = Debug|Any CPU
		{FA7713BC-EE00-464C-BD38-6F772B06A6AD}.Debug|x64.Build.0 = Debug|Any CPU
		{FA7713BC-EE00-464C-BD38-6F772B06A6AD}.Debug|x86.ActiveCfg = Debug|Any CPU
		{FA7713BC-EE00-464C-BD38-6F772B06A6AD}.Debug|x86.Build.0 = Debug|Any CPU
		{FA7713BC-EE00-464C-BD38-6F772B06A6AD}.Release|Any CPU.ActiveCfg = Release|Any CPU
		{FA7713BC-EE00-464C-BD38-6F772B06A6AD}.Release|Any CPU.Build.0 = Release|Any CPU
		{FA7713BC-EE00-464C-BD38-6F772B06A6AD}.Release|x64.ActiveCfg = Release|Any CPU
		{FA7713BC-EE00-464C-BD38-6F772B06A6AD}.Release|x64.Build.0 = Release|Any CPU
		{FA7713BC-EE00-464C-BD38-6F772B06A6AD}.Release|x86.ActiveCfg = Release|Any CPU
		{FA7713BC-EE00-464C-BD38-6F772B06A6AD}.Release|x86.Build.0 = Release|Any CPU
	EndGlobalSection
	GlobalSection(SolutionProperties) = preSolution
		HideSolutionNode = FALSE
	EndGlobalSection
EndGlobal
